
Microsoft Visual Studio Solution File, Format Version 12.00
# Visual Studio Version 16
VisualStudioVersion = 16.0.30320.27
MinimumVisualStudioVersion = 10.0.40219.1
Project("{FAE04EC0-301F-11D3-BF4B-00C04F79EFBC}") = "glTFRevitExport", "glTFRevitExport\glTFRevitExport.csproj", "{4E089540-E5C0-45D9-BB33-3CBA0E4373B5}"
EndProject
Global
	GlobalSection(SolutionConfigurationPlatforms) = preSolution
		DEBUG2017|Any CPU = DEBUG2017|Any CPU
		DEBUG2018|Any CPU = DEBUG2018|Any CPU
		DEBUG2019|Any CPU = DEBUG2019|Any CPU
		DEBUG2020|Any CPU = DEBUG2020|Any CPU
		DEBUG2021|Any CPU = DEBUG2021|Any CPU
		Release|Any CPU = Release|Any CPU
	EndGlobalSection
	GlobalSection(ProjectConfigurationPlatforms) = postSolution
		{4E089540-E5C0-45D9-BB33-3CBA0E4373B5}.DEBUG2017|Any CPU.ActiveCfg = Debug2017|x64
		{4E089540-E5C0-45D9-BB33-3CBA0E4373B5}.DEBUG2018|Any CPU.ActiveCfg = DEBUG2018|x64
		{4E089540-E5C0-45D9-BB33-3CBA0E4373B5}.DEBUG2019|Any CPU.ActiveCfg = DEBUG2019|x64
		{4E089540-E5C0-45D9-BB33-3CBA0E4373B5}.DEBUG2020|Any CPU.ActiveCfg = DEBUG2020|x64
		{4E089540-E5C0-45D9-BB33-3CBA0E4373B5}.DEBUG2021|Any CPU.ActiveCfg = DEBUG2021|x64
		{4E089540-E5C0-45D9-BB33-3CBA0E4373B5}.Release|Any CPU.ActiveCfg = Debug2021|x64
	EndGlobalSection
	GlobalSection(SolutionProperties) = preSolution
		HideSolutionNode = FALSE
	EndGlobalSection
	GlobalSection(ExtensibilityGlobals) = postSolution
		SolutionGuid = {3549B740-9439-4093-BF66-9FCF49742047}
	EndGlobalSection
EndGlobal
